
Microsoft Visual Studio Solution File, Format Version 12.00
# Visual Studio 15
VisualStudioVersion = 15.0.27130.2003
MinimumVisualStudioVersion = 10.0.40219.1
Project("{FAE04EC0-301F-11D3-BF4B-00C04F79EFBC}") = "BlinkStickBusylightClient", "BlinkStickBusylightClient\BlinkStickBusylightClient.csproj", "{AF4CD348-7D7F-4BB3-AA49-294189AC8614}"
EndProject
Global
	GlobalSection(SolutionConfigurationPlatforms) = preSolution
		Debug|Any CPU = Debug|Any CPU
		Release|Any CPU = Release|Any CPU
	EndGlobalSection
	GlobalSection(ProjectConfigurationPlatforms) = postSolution
		{AF4CD348-7D7F-4BB3-AA49-294189AC8614}.Debug|Any CPU.ActiveCfg = Debug|Any CPU
		{AF4CD348-7D7F-4BB3-AA49-294189AC8614}.Debug|Any CPU.Build.0 = Debug|Any CPU
		{AF4CD348-7D7F-4BB3-AA49-294189AC8614}.Release|Any CPU.ActiveCfg = Release|Any CPU
		{AF4CD348-7D7F-4BB3-AA49-294189AC8614}.Release|Any CPU.Build.0 = Release|Any CPU
	EndGlobalSection
	GlobalSection(SolutionProperties) = preSolution
		HideSolutionNode = FALSE
	EndGlobalSection
	GlobalSection(ExtensibilityGlobals) = postSolution
		SolutionGuid = {F3E3B733-FD7E-4791-95F8-0EEFC1DD96F9}
	EndGlobalSection
EndGlobal
